
Microsoft Visual Studio Solution File, Format Version 12.00
# Visual Studio 14
VisualStudioVersion = 14.0.24720.0
MinimumVisualStudioVersion = 10.0.40219.1
Project("{FAE04EC0-301F-11D3-BF4B-00C04F79EFBC}") = "MvxLocation.Core", "MvxLocation.Core\MvxLocation.Core.csproj", "{F57D32D9-2070-4212-8D32-348ECE693736}"
EndProject
Project("{FAE04EC0-301F-11D3-BF4B-00C04F79EFBC}") = "MvxLocation.Droid", "MvxLocation.Droid\MvxLocation.Droid.csproj", "{05AB7BE3-2612-4866-8771-02C4B4E572F3}"
EndProject
Global
	GlobalSection(SolutionConfigurationPlatforms) = preSolution
		Debug|Any CPU = Debug|Any CPU
		Release|Any CPU = Release|Any CPU
	EndGlobalSection
	GlobalSection(ProjectConfigurationPlatforms) = postSolution
		{F57D32D9-2070-4212-8D32-348ECE693736}.Debug|Any CPU.ActiveCfg = Debug|Any CPU
		{F57D32D9-2070-4212-8D32-348ECE693736}.Debug|Any CPU.Build.0 = Debug|Any CPU
		{F57D32D9-2070-4212-8D32-348ECE693736}.Release|Any CPU.ActiveCfg = Release|Any CPU
		{F57D32D9-2070-4212-8D32-348ECE693736}.Release|Any CPU.Build.0 = Release|Any CPU
		{05AB7BE3-2612-4866-8771-02C4B4E572F3}.Debug|Any CPU.ActiveCfg = Debug|Any CPU
		{05AB7BE3-2612-4866-8771-02C4B4E572F3}.Debug|Any CPU.Build.0 = Debug|Any CPU
		{05AB7BE3-2612-4866-8771-02C4B4E572F3}.Debug|Any CPU.Deploy.0 = Debug|Any CPU
		{05AB7BE3-2612-4866-8771-02C4B4E572F3}.Release|Any CPU.ActiveCfg = Release|Any CPU
		{05AB7BE3-2612-4866-8771-02C4B4E572F3}.Release|Any CPU.Build.0 = Release|Any CPU
		{05AB7BE3-2612-4866-8771-02C4B4E572F3}.Release|Any CPU.Deploy.0 = Release|Any CPU
	EndGlobalSection
	GlobalSection(SolutionProperties) = preSolution
		HideSolutionNode = FALSE
	EndGlobalSection
EndGlobal
